
Microsoft Visual Studio Solution File, Format Version 12.00
# Visual Studio 15
Project("{FAE04EC0-301F-11D3-BF4B-00C04F79EFBC}") = "MinorProject.1 Prototype", "Assembly-CSharp.csproj", "{C8D1DC5F-9FD0-AF98-25B4-93FCB7B8FBDF}"
EndProject
Global
	GlobalSection(SolutionConfigurationPlatforms) = preSolution
		Debug|Any CPU = Debug|Any CPU
		Release|Any CPU = Release|Any CPU
	EndGlobalSection
	GlobalSection(ProjectConfigurationPlatforms) = postSolution
		{C8D1DC5F-9FD0-AF98-25B4-93FCB7B8FBDF}.Debug|Any CPU.ActiveCfg = Debug|Any CPU
		{C8D1DC5F-9FD0-AF98-25B4-93FCB7B8FBDF}.Debug|Any CPU.Build.0 = Debug|Any CPU
		{C8D1DC5F-9FD0-AF98-25B4-93FCB7B8FBDF}.Release|Any CPU.ActiveCfg = Release|Any CPU
		{C8D1DC5F-9FD0-AF98-25B4-93FCB7B8FBDF}.Release|Any CPU.Build.0 = Release|Any CPU
	EndGlobalSection
	GlobalSection(SolutionProperties) = preSolution
		HideSolutionNode = FALSE
	EndGlobalSection
EndGlobal
